
Microsoft Visual Studio Solution File, Format Version 12.00
# Visual Studio Version 17
VisualStudioVersion = 17.4.33213.308
MinimumVisualStudioVersion = 10.0.40219.1
Project("{8BC9CEB8-8B4A-11D0-8D11-00A0C91BC942}") = "16", "16.vcxproj", "{70EA7AB8-1FE7-4ABC-8D33-029984BB6E8C}"
EndProject
Global
	GlobalSection(SolutionConfigurationPlatforms) = preSolution
		Debug|x64 = Debug|x64
		Debug|x86 = Debug|x86
		Release|x64 = Release|x64
		Release|x86 = Release|x86
	EndGlobalSection
	GlobalSection(ProjectConfigurationPlatforms) = postSolution
		{70EA7AB8-1FE7-4ABC-8D33-029984BB6E8C}.Debug|x64.ActiveCfg = Debug|x64
		{70EA7AB8-1FE7-4ABC-8D33-029984BB6E8C}.Debug|x64.Build.0 = Debug|x64
		{70EA7AB8-1FE7-4ABC-8D33-029984BB6E8C}.Debug|x86.ActiveCfg = Debug|Win32
		{70EA7AB8-1FE7-4ABC-8D33-029984BB6E8C}.Debug|x86.Build.0 = Debug|Win32
		{70EA7AB8-1FE7-4ABC-8D33-029984BB6E8C}.Release|x64.ActiveCfg = Release|x64
		{70EA7AB8-1FE7-4ABC-8D33-029984BB6E8C}.Release|x64.Build.0 = Release|x64
		{70EA7AB8-1FE7-4ABC-8D33-029984BB6E8C}.Release|x86.ActiveCfg = Release|Win32
		{70EA7AB8-1FE7-4ABC-8D33-029984BB6E8C}.Release|x86.Build.0 = Release|Win32
	EndGlobalSection
	GlobalSection(SolutionProperties) = preSolution
		HideSolutionNode = FALSE
	EndGlobalSection
	GlobalSection(ExtensibilityGlobals) = postSolution
		SolutionGuid = {AB8030C3-9D01-4D39-AF2C-41555012252F}
	EndGlobalSection
EndGlobal
