
Microsoft Visual Studio Solution File, Format Version 12.00
Project("{FAE04EC0-301F-11D3-BF4B-00C04F79EFBC}") = "HW_13", "HW_13\HW_13.csproj", "{331D8163-25B5-4D47-88EE-237711F772DA}"
EndProject
Project("{FAE04EC0-301F-11D3-BF4B-00C04F79EFBC}") = "DB", "DB\DB.csproj", "{D68855C3-321A-4C2B-B135-818806705F0F}"
EndProject
Global
	GlobalSection(SolutionConfigurationPlatforms) = preSolution
		Debug|Any CPU = Debug|Any CPU
		Release|Any CPU = Release|Any CPU
	EndGlobalSection
	GlobalSection(ProjectConfigurationPlatforms) = postSolution
		{331D8163-25B5-4D47-88EE-237711F772DA}.Debug|Any CPU.ActiveCfg = Debug|Any CPU
		{331D8163-25B5-4D47-88EE-237711F772DA}.Debug|Any CPU.Build.0 = Debug|Any CPU
		{331D8163-25B5-4D47-88EE-237711F772DA}.Release|Any CPU.ActiveCfg = Release|Any CPU
		{331D8163-25B5-4D47-88EE-237711F772DA}.Release|Any CPU.Build.0 = Release|Any CPU
		{D68855C3-321A-4C2B-B135-818806705F0F}.Debug|Any CPU.ActiveCfg = Debug|Any CPU
		{D68855C3-321A-4C2B-B135-818806705F0F}.Debug|Any CPU.Build.0 = Debug|Any CPU
		{D68855C3-321A-4C2B-B135-818806705F0F}.Release|Any CPU.ActiveCfg = Release|Any CPU
		{D68855C3-321A-4C2B-B135-818806705F0F}.Release|Any CPU.Build.0 = Release|Any CPU
	EndGlobalSection
EndGlobal
