
Microsoft Visual Studio Solution File, Format Version 12.00
# Visual Studio Version 17
VisualStudioVersion = 17.8.34330.188
MinimumVisualStudioVersion = 10.0.40219.1
Project("{FAE04EC0-301F-11D3-BF4B-00C04F79EFBC}") = "6", "6.csproj", "{7A42707A-4842-4CA0-83BC-A56F2642176E}"
EndProject
Global
	GlobalSection(SolutionConfigurationPlatforms) = preSolution
		Debug|Any CPU = Debug|Any CPU
		Release|Any CPU = Release|Any CPU
	EndGlobalSection
	GlobalSection(ProjectConfigurationPlatforms) = postSolution
		{7A42707A-4842-4CA0-83BC-A56F2642176E}.Debug|Any CPU.ActiveCfg = Debug|Any CPU
		{7A42707A-4842-4CA0-83BC-A56F2642176E}.Debug|Any CPU.Build.0 = Debug|Any CPU
		{7A42707A-4842-4CA0-83BC-A56F2642176E}.Release|Any CPU.ActiveCfg = Release|Any CPU
		{7A42707A-4842-4CA0-83BC-A56F2642176E}.Release|Any CPU.Build.0 = Release|Any CPU
	EndGlobalSection
	GlobalSection(SolutionProperties) = preSolution
		HideSolutionNode = FALSE
	EndGlobalSection
	GlobalSection(ExtensibilityGlobals) = postSolution
		SolutionGuid = {40F9F5CA-0FA8-48CF-B6BB-23B8B55A43EC}
	EndGlobalSection
EndGlobal
