
Microsoft Visual Studio Solution File, Format Version 12.00
# Visual Studio Version 17
VisualStudioVersion = 17.9.34622.214
MinimumVisualStudioVersion = 10.0.40219.1
Project("{FAE04EC0-301F-11D3-BF4B-00C04F79EFBC}") = "Lesson_19", "Lesson_19.csproj", "{05D9C0AC-C2DA-4252-BB89-81EFEA28A5AD}"
EndProject
Global
	GlobalSection(SolutionConfigurationPlatforms) = preSolution
		Debug|Any CPU = Debug|Any CPU
		Release|Any CPU = Release|Any CPU
	EndGlobalSection
	GlobalSection(ProjectConfigurationPlatforms) = postSolution
		{05D9C0AC-C2DA-4252-BB89-81EFEA28A5AD}.Debug|Any CPU.ActiveCfg = Debug|Any CPU
		{05D9C0AC-C2DA-4252-BB89-81EFEA28A5AD}.Debug|Any CPU.Build.0 = Debug|Any CPU
		{05D9C0AC-C2DA-4252-BB89-81EFEA28A5AD}.Release|Any CPU.ActiveCfg = Release|Any CPU
		{05D9C0AC-C2DA-4252-BB89-81EFEA28A5AD}.Release|Any CPU.Build.0 = Release|Any CPU
	EndGlobalSection
	GlobalSection(SolutionProperties) = preSolution
		HideSolutionNode = FALSE
	EndGlobalSection
	GlobalSection(ExtensibilityGlobals) = postSolution
		SolutionGuid = {9AB59A38-6A98-41F1-A8AB-835C39214AB6}
	EndGlobalSection
EndGlobal
