
Microsoft Visual Studio Solution File, Format Version 12.00
# Visual Studio Version 17
VisualStudioVersion = 17.9.34714.143
MinimumVisualStudioVersion = 10.0.40219.1
Project("{FAE04EC0-301F-11D3-BF4B-00C04F79EFBC}") = "Client", "Client.csproj", "{687DE90E-0531-4313-92D6-1A40B653B0EC}"
EndProject
Project("{FAE04EC0-301F-11D3-BF4B-00C04F79EFBC}") = "Server", "..\Server\Server.csproj", "{FE979105-2ADE-48F3-9174-8D00D1DC51E1}"
EndProject
Global
	GlobalSection(SolutionConfigurationPlatforms) = preSolution
		Debug|Any CPU = Debug|Any CPU
		Release|Any CPU = Release|Any CPU
	EndGlobalSection
	GlobalSection(ProjectConfigurationPlatforms) = postSolution
		{687DE90E-0531-4313-92D6-1A40B653B0EC}.Debug|Any CPU.ActiveCfg = Debug|Any CPU
		{687DE90E-0531-4313-92D6-1A40B653B0EC}.Debug|Any CPU.Build.0 = Debug|Any CPU
		{687DE90E-0531-4313-92D6-1A40B653B0EC}.Release|Any CPU.ActiveCfg = Release|Any CPU
		{687DE90E-0531-4313-92D6-1A40B653B0EC}.Release|Any CPU.Build.0 = Release|Any CPU
		{FE979105-2ADE-48F3-9174-8D00D1DC51E1}.Debug|Any CPU.ActiveCfg = Debug|Any CPU
		{FE979105-2ADE-48F3-9174-8D00D1DC51E1}.Debug|Any CPU.Build.0 = Debug|Any CPU
		{FE979105-2ADE-48F3-9174-8D00D1DC51E1}.Release|Any CPU.ActiveCfg = Release|Any CPU
		{FE979105-2ADE-48F3-9174-8D00D1DC51E1}.Release|Any CPU.Build.0 = Release|Any CPU
	EndGlobalSection
	GlobalSection(SolutionProperties) = preSolution
		HideSolutionNode = FALSE
	EndGlobalSection
	GlobalSection(ExtensibilityGlobals) = postSolution
		SolutionGuid = {FAD97DDA-2AD2-44CF-9F7D-DA1C5C7A4B54}
	EndGlobalSection
EndGlobal
