
Microsoft Visual Studio Solution File, Format Version 12.00
# Visual Studio Version 17
VisualStudioVersion = 17.9.34714.143
MinimumVisualStudioVersion = 10.0.40219.1
Project("{FAE04EC0-301F-11D3-BF4B-00C04F79EFBC}") = "Client", "Client.csproj", "{5E9E9C8B-6526-4A8D-984A-BF85BB733F7B}"
EndProject
Global
	GlobalSection(SolutionConfigurationPlatforms) = preSolution
		Debug|Any CPU = Debug|Any CPU
		Release|Any CPU = Release|Any CPU
	EndGlobalSection
	GlobalSection(ProjectConfigurationPlatforms) = postSolution
		{5E9E9C8B-6526-4A8D-984A-BF85BB733F7B}.Debug|Any CPU.ActiveCfg = Debug|Any CPU
		{5E9E9C8B-6526-4A8D-984A-BF85BB733F7B}.Debug|Any CPU.Build.0 = Debug|Any CPU
		{5E9E9C8B-6526-4A8D-984A-BF85BB733F7B}.Release|Any CPU.ActiveCfg = Release|Any CPU
		{5E9E9C8B-6526-4A8D-984A-BF85BB733F7B}.Release|Any CPU.Build.0 = Release|Any CPU
	EndGlobalSection
	GlobalSection(SolutionProperties) = preSolution
		HideSolutionNode = FALSE
	EndGlobalSection
	GlobalSection(ExtensibilityGlobals) = postSolution
		SolutionGuid = {70F00D7F-1595-4E48-BF26-6CF325C61500}
	EndGlobalSection
EndGlobal
