
Microsoft Visual Studio Solution File, Format Version 12.00
# Visual Studio Version 17
VisualStudioVersion = 17.8.34330.188
MinimumVisualStudioVersion = 10.0.40219.1
Project("{FAE04EC0-301F-11D3-BF4B-00C04F79EFBC}") = "7", "7.csproj", "{3AF90BAB-FB09-4F96-BAD1-89EA3F9DEF86}"
EndProject
Global
	GlobalSection(SolutionConfigurationPlatforms) = preSolution
		Debug|Any CPU = Debug|Any CPU
		Release|Any CPU = Release|Any CPU
	EndGlobalSection
	GlobalSection(ProjectConfigurationPlatforms) = postSolution
		{3AF90BAB-FB09-4F96-BAD1-89EA3F9DEF86}.Debug|Any CPU.ActiveCfg = Debug|Any CPU
		{3AF90BAB-FB09-4F96-BAD1-89EA3F9DEF86}.Debug|Any CPU.Build.0 = Debug|Any CPU
		{3AF90BAB-FB09-4F96-BAD1-89EA3F9DEF86}.Release|Any CPU.ActiveCfg = Release|Any CPU
		{3AF90BAB-FB09-4F96-BAD1-89EA3F9DEF86}.Release|Any CPU.Build.0 = Release|Any CPU
	EndGlobalSection
	GlobalSection(SolutionProperties) = preSolution
		HideSolutionNode = FALSE
	EndGlobalSection
	GlobalSection(ExtensibilityGlobals) = postSolution
		SolutionGuid = {FB2F1121-D718-4317-A943-B591266E508E}
	EndGlobalSection
EndGlobal
