
Microsoft Visual Studio Solution File, Format Version 12.00
# Visual Studio Version 16
VisualStudioVersion = 16.0.29613.14
MinimumVisualStudioVersion = 10.0.40219.1
Project("{8BC9CEB8-8B4A-11D0-8D11-00A0C91BC942}") = "Lesson 3", "Lesson 3.vcxproj", "{9E55F9E4-2E51-4FC9-958C-9611879CBB0C}"
EndProject
Global
	GlobalSection(SolutionConfigurationPlatforms) = preSolution
		Debug|x64 = Debug|x64
		Debug|x86 = Debug|x86
		Release|x64 = Release|x64
		Release|x86 = Release|x86
	EndGlobalSection
	GlobalSection(ProjectConfigurationPlatforms) = postSolution
		{9E55F9E4-2E51-4FC9-958C-9611879CBB0C}.Debug|x64.ActiveCfg = Debug|x64
		{9E55F9E4-2E51-4FC9-958C-9611879CBB0C}.Debug|x64.Build.0 = Debug|x64
		{9E55F9E4-2E51-4FC9-958C-9611879CBB0C}.Debug|x86.ActiveCfg = Debug|Win32
		{9E55F9E4-2E51-4FC9-958C-9611879CBB0C}.Debug|x86.Build.0 = Debug|Win32
		{9E55F9E4-2E51-4FC9-958C-9611879CBB0C}.Release|x64.ActiveCfg = Release|x64
		{9E55F9E4-2E51-4FC9-958C-9611879CBB0C}.Release|x64.Build.0 = Release|x64
		{9E55F9E4-2E51-4FC9-958C-9611879CBB0C}.Release|x86.ActiveCfg = Release|Win32
		{9E55F9E4-2E51-4FC9-958C-9611879CBB0C}.Release|x86.Build.0 = Release|Win32
	EndGlobalSection
	GlobalSection(SolutionProperties) = preSolution
		HideSolutionNode = FALSE
	EndGlobalSection
	GlobalSection(ExtensibilityGlobals) = postSolution
		SolutionGuid = {B6274B26-5C25-47FB-8959-31FF5DDBEF70}
	EndGlobalSection
EndGlobal
