
Microsoft Visual Studio Solution File, Format Version 12.00
# Visual Studio Version 17
VisualStudioVersion = 17.9.34714.143
MinimumVisualStudioVersion = 10.0.40219.1
Project("{FAE04EC0-301F-11D3-BF4B-00C04F79EFBC}") = "15", "15.csproj", "{C69CB85E-8CAF-467F-88BD-1B2BBCF4BF59}"
EndProject
Global
	GlobalSection(SolutionConfigurationPlatforms) = preSolution
		Debug|Any CPU = Debug|Any CPU
		Release|Any CPU = Release|Any CPU
	EndGlobalSection
	GlobalSection(ProjectConfigurationPlatforms) = postSolution
		{C69CB85E-8CAF-467F-88BD-1B2BBCF4BF59}.Debug|Any CPU.ActiveCfg = Debug|Any CPU
		{C69CB85E-8CAF-467F-88BD-1B2BBCF4BF59}.Debug|Any CPU.Build.0 = Debug|Any CPU
		{C69CB85E-8CAF-467F-88BD-1B2BBCF4BF59}.Release|Any CPU.ActiveCfg = Release|Any CPU
		{C69CB85E-8CAF-467F-88BD-1B2BBCF4BF59}.Release|Any CPU.Build.0 = Release|Any CPU
	EndGlobalSection
	GlobalSection(SolutionProperties) = preSolution
		HideSolutionNode = FALSE
	EndGlobalSection
	GlobalSection(ExtensibilityGlobals) = postSolution
		SolutionGuid = {C46A2128-775A-452A-A4CE-0A389A78A9B0}
	EndGlobalSection
EndGlobal
