
Microsoft Visual Studio Solution File, Format Version 12.00
# Visual Studio Version 17
VisualStudioVersion = 17.7.34221.43
MinimumVisualStudioVersion = 10.0.40219.1
Project("{FAE04EC0-301F-11D3-BF4B-00C04F79EFBC}") = "Lesson_4", "Lesson_4.csproj", "{1301C533-D357-4725-9148-9773AD7F606A}"
EndProject
Global
	GlobalSection(SolutionConfigurationPlatforms) = preSolution
		Debug|Any CPU = Debug|Any CPU
		Release|Any CPU = Release|Any CPU
	EndGlobalSection
	GlobalSection(ProjectConfigurationPlatforms) = postSolution
		{1301C533-D357-4725-9148-9773AD7F606A}.Debug|Any CPU.ActiveCfg = Debug|Any CPU
		{1301C533-D357-4725-9148-9773AD7F606A}.Debug|Any CPU.Build.0 = Debug|Any CPU
		{1301C533-D357-4725-9148-9773AD7F606A}.Release|Any CPU.ActiveCfg = Release|Any CPU
		{1301C533-D357-4725-9148-9773AD7F606A}.Release|Any CPU.Build.0 = Release|Any CPU
	EndGlobalSection
	GlobalSection(SolutionProperties) = preSolution
		HideSolutionNode = FALSE
	EndGlobalSection
	GlobalSection(ExtensibilityGlobals) = postSolution
		SolutionGuid = {297BDA69-3F36-40C6-BA6C-3BE50B467695}
	EndGlobalSection
EndGlobal
