
Microsoft Visual Studio Solution File, Format Version 12.00
# Visual Studio Version 17
VisualStudioVersion = 17.9.34622.214
MinimumVisualStudioVersion = 10.0.40219.1
Project("{FAE04EC0-301F-11D3-BF4B-00C04F79EFBC}") = "17", "17.csproj", "{B5FE6E98-1285-4114-89CB-F54614F3A6E1}"
EndProject
Global
	GlobalSection(SolutionConfigurationPlatforms) = preSolution
		Debug|Any CPU = Debug|Any CPU
		Release|Any CPU = Release|Any CPU
	EndGlobalSection
	GlobalSection(ProjectConfigurationPlatforms) = postSolution
		{B5FE6E98-1285-4114-89CB-F54614F3A6E1}.Debug|Any CPU.ActiveCfg = Debug|Any CPU
		{B5FE6E98-1285-4114-89CB-F54614F3A6E1}.Debug|Any CPU.Build.0 = Debug|Any CPU
		{B5FE6E98-1285-4114-89CB-F54614F3A6E1}.Release|Any CPU.ActiveCfg = Release|Any CPU
		{B5FE6E98-1285-4114-89CB-F54614F3A6E1}.Release|Any CPU.Build.0 = Release|Any CPU
	EndGlobalSection
	GlobalSection(SolutionProperties) = preSolution
		HideSolutionNode = FALSE
	EndGlobalSection
	GlobalSection(ExtensibilityGlobals) = postSolution
		SolutionGuid = {BE49AC11-63EB-4473-8A50-219C78501C1B}
	EndGlobalSection
EndGlobal
