
Microsoft Visual Studio Solution File, Format Version 12.00
# Visual Studio Version 17
VisualStudioVersion = 17.9.34714.143
MinimumVisualStudioVersion = 10.0.40219.1
Project("{FAE04EC0-301F-11D3-BF4B-00C04F79EFBC}") = "HW", "HW.csproj", "{851AD6BF-E053-4110-BBB3-B1BDF100AAA6}"
EndProject
Global
	GlobalSection(SolutionConfigurationPlatforms) = preSolution
		Debug|Any CPU = Debug|Any CPU
		Release|Any CPU = Release|Any CPU
	EndGlobalSection
	GlobalSection(ProjectConfigurationPlatforms) = postSolution
		{851AD6BF-E053-4110-BBB3-B1BDF100AAA6}.Debug|Any CPU.ActiveCfg = Debug|Any CPU
		{851AD6BF-E053-4110-BBB3-B1BDF100AAA6}.Debug|Any CPU.Build.0 = Debug|Any CPU
		{851AD6BF-E053-4110-BBB3-B1BDF100AAA6}.Release|Any CPU.ActiveCfg = Release|Any CPU
		{851AD6BF-E053-4110-BBB3-B1BDF100AAA6}.Release|Any CPU.Build.0 = Release|Any CPU
	EndGlobalSection
	GlobalSection(SolutionProperties) = preSolution
		HideSolutionNode = FALSE
	EndGlobalSection
	GlobalSection(ExtensibilityGlobals) = postSolution
		SolutionGuid = {4D7D0A77-6BDC-4C0E-B20B-23319DA38C1A}
	EndGlobalSection
EndGlobal
